
Microsoft Visual Studio Solution File, Format Version 12.00
# Visual Studio 15
VisualStudioVersion = 15.0.28307.106
MinimumVisualStudioVersion = 10.0.40219.1
Project("{FAE04EC0-301F-11D3-BF4B-00C04F79EFBC}") = "CSharpPractice", "CSharpPractice\CSharpPractice.csproj", "{C06E9702-DB12-4BD3-B86F-77A22CE6A0FE}"
EndProject
Global
	GlobalSection(SolutionConfigurationPlatforms) = preSolution
		Debug|Any CPU = Debug|Any CPU
		Release|Any CPU = Release|Any CPU
	EndGlobalSection
	GlobalSection(ProjectConfigurationPlatforms) = postSolution
		{C06E9702-DB12-4BD3-B86F-77A22CE6A0FE}.Debug|Any CPU.ActiveCfg = Debug|Any CPU
		{C06E9702-DB12-4BD3-B86F-77A22CE6A0FE}.Debug|Any CPU.Build.0 = Debug|Any CPU
		{C06E9702-DB12-4BD3-B86F-77A22CE6A0FE}.Release|Any CPU.ActiveCfg = Release|Any CPU
		{C06E9702-DB12-4BD3-B86F-77A22CE6A0FE}.Release|Any CPU.Build.0 = Release|Any CPU
	EndGlobalSection
	GlobalSection(SolutionProperties) = preSolution
		HideSolutionNode = FALSE
	EndGlobalSection
	GlobalSection(ExtensibilityGlobals) = postSolution
		SolutionGuid = {D0C3CDA1-77A6-44C3-B520-8DB134FE2E89}
	EndGlobalSection
EndGlobal
